
Microsoft Visual Studio Solution File, Format Version 12.00
# Visual Studio 15
Project("{FAE04EC0-301F-11D3-BF4B-00C04F79EFBC}") = "Assembly-CSharp", "Assembly-CSharp.csproj", "{2D5ED0CE-467E-C2CB-A284-D57DFAB0E587}"
EndProject
Project("{FAE04EC0-301F-11D3-BF4B-00C04F79EFBC}") = "Assembly-CSharp-Editor", "Assembly-CSharp-Editor.csproj", "{9BFF33E8-88DF-F5F0-F818-93F0122ED6A5}"
EndProject
Global
	GlobalSection(SolutionConfigurationPlatforms) = preSolution
		Debug|Any CPU = Debug|Any CPU
		Release|Any CPU = Release|Any CPU
	EndGlobalSection
	GlobalSection(ProjectConfigurationPlatforms) = postSolution
		{2D5ED0CE-467E-C2CB-A284-D57DFAB0E587}.Debug|Any CPU.ActiveCfg = Debug|Any CPU
		{2D5ED0CE-467E-C2CB-A284-D57DFAB0E587}.Debug|Any CPU.Build.0 = Debug|Any CPU
		{2D5ED0CE-467E-C2CB-A284-D57DFAB0E587}.Release|Any CPU.ActiveCfg = Release|Any CPU
		{2D5ED0CE-467E-C2CB-A284-D57DFAB0E587}.Release|Any CPU.Build.0 = Release|Any CPU
		{9BFF33E8-88DF-F5F0-F818-93F0122ED6A5}.Debug|Any CPU.ActiveCfg = Debug|Any CPU
		{9BFF33E8-88DF-F5F0-F818-93F0122ED6A5}.Debug|Any CPU.Build.0 = Debug|Any CPU
		{9BFF33E8-88DF-F5F0-F818-93F0122ED6A5}.Release|Any CPU.ActiveCfg = Release|Any CPU
		{9BFF33E8-88DF-F5F0-F818-93F0122ED6A5}.Release|Any CPU.Build.0 = Release|Any CPU
	EndGlobalSection
	GlobalSection(SolutionProperties) = preSolution
		HideSolutionNode = FALSE
	EndGlobalSection
EndGlobal
